{
  "version": 4,
  "terraform_version": "1.11.2",
  "serial": 6,
  "lineage": "731932f7-c598-7703-f243-53e0d0044951",
  "outputs": {},
  "resources": [
    {
      "mode": "managed",
      "type": "aws_route_table",
      "name": "subnet_route-table_33DC4DFB",
      "provider": "provider[\"registry.terraform.io/hashicorp/aws\"]",
      "instances": [
        {
          "schema_version": 0,
          "attributes": {
            "arn": "arn:aws:ec2:us-west-2:608935286732:route-table/rtb-0700ebebac6dd499b",
            "id": "rtb-0700ebebac6dd499b",
            "owner_id": "608935286732",
            "propagating_vgws": [],
            "route": [],
            "tags": {
              "Name": "qt-migrated-subnet-rt"
            },
            "tags_all": {
              "Name": "qt-migrated-subnet-rt"
            },
            "timeouts": null,
            "vpc_id": "vpc-0c3ef5e43267b9342"
          },
          "sensitive_attributes": [],
          "private": "eyJlMmJmYjczMC1lY2FhLTExZTYtOGY4OC0zNDM2M2JjN2M0YzAiOnsiY3JlYXRlIjozMDAwMDAwMDAwMDAsImRlbGV0ZSI6MzAwMDAwMDAwMDAwLCJ1cGRhdGUiOjEyMDAwMDAwMDAwMH19",
          "dependencies": [
            "aws_vpc.vpc_6776A399"
          ]
        }
      ]
    },
    {
      "mode": "managed",
      "type": "aws_route_table_association",
      "name": "subnet_route-table-association_E0719521",
      "provider": "provider[\"registry.terraform.io/hashicorp/aws\"]",
      "instances": [
        {
          "schema_version": 0,
          "attributes": {
            "gateway_id": "",
            "id": "rtbassoc-0bffddac19f27a860",
            "route_table_id": "rtb-0700ebebac6dd499b",
            "subnet_id": "subnet-06ddacf1eee45bc84",
            "timeouts": null
          },
          "sensitive_attributes": [],
          "private": "eyJlMmJmYjczMC1lY2FhLTExZTYtOGY4OC0zNDM2M2JjN2M0YzAiOnsiY3JlYXRlIjozMDAwMDAwMDAwMDAsImRlbGV0ZSI6MzAwMDAwMDAwMDAwLCJ1cGRhdGUiOjEyMDAwMDAwMDAwMH19",
          "dependencies": [
            "aws_route_table.subnet_route-table_33DC4DFB",
            "aws_subnet.subnet_46F20745",
            "aws_vpc.vpc_6776A399"
          ]
        }
      ]
    },
    {
      "mode": "managed",
      "type": "aws_subnet",
      "name": "subnet_46F20745",
      "provider": "provider[\"registry.terraform.io/hashicorp/aws\"]",
      "instances": [
        {
          "schema_version": 1,
          "attributes": {
            "arn": "arn:aws:ec2:us-west-2:608935286732:subnet/subnet-06ddacf1eee45bc84",
            "assign_ipv6_address_on_creation": false,
            "availability_zone": "us-west-2a",
            "availability_zone_id": "usw2-az2",
            "cidr_block": "10.21.4.0/24",
            "customer_owned_ipv4_pool": "",
            "enable_dns64": false,
            "enable_lni_at_device_index": 0,
            "enable_resource_name_dns_a_record_on_launch": false,
            "enable_resource_name_dns_aaaa_record_on_launch": false,
            "id": "subnet-06ddacf1eee45bc84",
            "ipv6_cidr_block": "",
            "ipv6_cidr_block_association_id": "",
            "ipv6_native": false,
            "map_customer_owned_ip_on_launch": false,
            "map_public_ip_on_launch": false,
            "outpost_arn": "",
            "owner_id": "608935286732",
            "private_dns_hostname_type_on_launch": "ip-name",
            "tags": {
              "Name": "qt-migrated-subnet",
              "SubnetType": "private"
            },
            "tags_all": {
              "Name": "qt-migrated-subnet",
              "SubnetType": "private"
            },
            "timeouts": null,
            "vpc_id": "vpc-0c3ef5e43267b9342"
          },
          "sensitive_attributes": [],
          "private": "eyJlMmJmYjczMC1lY2FhLTExZTYtOGY4OC0zNDM2M2JjN2M0YzAiOnsiY3JlYXRlIjo2MDAwMDAwMDAwMDAsImRlbGV0ZSI6MTIwMDAwMDAwMDAwMH0sInNjaGVtYV92ZXJzaW9uIjoiMSJ9",
          "dependencies": [
            "aws_vpc.vpc_6776A399"
          ]
        }
      ]
    },
    {
      "mode": "managed",
      "type": "aws_vpc",
      "name": "vpc_6776A399",
      "provider": "provider[\"registry.terraform.io/hashicorp/aws\"]",
      "instances": [
        {
          "schema_version": 1,
          "attributes": {
            "arn": "arn:aws:ec2:us-west-2:608935286732:vpc/vpc-0c3ef5e43267b9342",
            "assign_generated_ipv6_cidr_block": false,
            "cidr_block": "10.21.4.0/24",
            "default_network_acl_id": "acl-03f531e8e689b0685",
            "default_route_table_id": "rtb-0195821ab94778d98",
            "default_security_group_id": "sg-016a121228654f636",
            "dhcp_options_id": "dopt-01ef7c9d21663685f",
            "enable_dns_hostnames": true,
            "enable_dns_support": true,
            "enable_network_address_usage_metrics": false,
            "id": "vpc-0c3ef5e43267b9342",
            "instance_tenancy": "default",
            "ipv4_ipam_pool_id": null,
            "ipv4_netmask_length": null,
            "ipv6_association_id": "",
            "ipv6_cidr_block": "",
            "ipv6_cidr_block_network_border_group": "",
            "ipv6_ipam_pool_id": "",
            "ipv6_netmask_length": 0,
            "main_route_table_id": "rtb-0195821ab94778d98",
            "owner_id": "608935286732",
            "tags": {
              "Environment": "production",
              "MigratedFrom": "vSwitch1",
              "Name": "qt-migrated-vpc"
            },
            "tags_all": {
              "Environment": "production",
              "MigratedFrom": "vSwitch1",
              "Name": "qt-migrated-vpc"
            }
          },
          "sensitive_attributes": [],
          "private": "eyJzY2hlbWFfdmVyc2lvbiI6IjEifQ=="
        }
      ]
    }
  ],
  "check_results": null
}
